
Microsoft Visual Studio Solution File, Format Version 12.00
# Visual Studio Version 16
VisualStudioVersion = 16.0.30002.166
MinimumVisualStudioVersion = 10.0.40219.1
Project("{9A19103F-16F7-4668-BE54-9A1E7A4F7556}") = "BPCalculator", "BPCalculator\BPCalculator.csproj", "{5966DA6C-819D-4303-ADC7-425B8541EC84}"
EndProject
Project("{9A19103F-16F7-4668-BE54-9A1E7A4F7556}") = "BloodPressureUnitTests", "BloodPressureUnitTests\BloodPressureUnitTests.csproj", "{3AB62F9A-3816-468B-B636-48B1999DEB4C}"
EndProject
Project("{9A19103F-16F7-4668-BE54-9A1E7A4F7556}") = "SpecFlowBloodPressureTests", "SpecFlowBloodPressureTests\SpecFlowBloodPressureTests.csproj", "{CBCDBC16-6D01-4AC7-A85D-DC71A50EB2CE}"
EndProject
Project("{2150E333-8FDC-42A3-9474-1A3956D46DE8}") = "bin", "bin", "{0EFA382A-69AB-4319-866F-C432BFC6B52C}"
EndProject
Global
	GlobalSection(SolutionConfigurationPlatforms) = preSolution
		Debug|Any CPU = Debug|Any CPU
		Release|Any CPU = Release|Any CPU
	EndGlobalSection
	GlobalSection(ProjectConfigurationPlatforms) = postSolution
		{5966DA6C-819D-4303-ADC7-425B8541EC84}.Debug|Any CPU.ActiveCfg = Debug|Any CPU
		{5966DA6C-819D-4303-ADC7-425B8541EC84}.Debug|Any CPU.Build.0 = Debug|Any CPU
		{5966DA6C-819D-4303-ADC7-425B8541EC84}.Release|Any CPU.ActiveCfg = Release|Any CPU
		{5966DA6C-819D-4303-ADC7-425B8541EC84}.Release|Any CPU.Build.0 = Release|Any CPU
		{3AB62F9A-3816-468B-B636-48B1999DEB4C}.Debug|Any CPU.ActiveCfg = Debug|Any CPU
		{3AB62F9A-3816-468B-B636-48B1999DEB4C}.Debug|Any CPU.Build.0 = Debug|Any CPU
		{3AB62F9A-3816-468B-B636-48B1999DEB4C}.Release|Any CPU.ActiveCfg = Release|Any CPU
		{3AB62F9A-3816-468B-B636-48B1999DEB4C}.Release|Any CPU.Build.0 = Release|Any CPU
		{CBCDBC16-6D01-4AC7-A85D-DC71A50EB2CE}.Debug|Any CPU.ActiveCfg = Debug|Any CPU
		{CBCDBC16-6D01-4AC7-A85D-DC71A50EB2CE}.Debug|Any CPU.Build.0 = Debug|Any CPU
		{CBCDBC16-6D01-4AC7-A85D-DC71A50EB2CE}.Release|Any CPU.ActiveCfg = Release|Any CPU
		{CBCDBC16-6D01-4AC7-A85D-DC71A50EB2CE}.Release|Any CPU.Build.0 = Release|Any CPU
	EndGlobalSection
	GlobalSection(SolutionProperties) = preSolution
		HideSolutionNode = FALSE
	EndGlobalSection
	GlobalSection(ExtensibilityGlobals) = postSolution
		SolutionGuid = {0888B091-BD2A-49F1-9C68-09927D2EC2D8}
	EndGlobalSection
EndGlobal
